
Microsoft Visual Studio Solution File, Format Version 12.00
# Visual Studio Version 16
VisualStudioVersion = 16.0.29519.87
MinimumVisualStudioVersion = 10.0.40219.1
Project("{FAE04EC0-301F-11D3-BF4B-00C04F79EFBC}") = "CalFtTmin", "CalFtTmin\CalFtTmin.csproj", "{A3F73F89-727C-43A9-9EB3-317CA5307653}"
EndProject
Global
	GlobalSection(SolutionConfigurationPlatforms) = preSolution
		Debug|Any CPU = Debug|Any CPU
		Release|Any CPU = Release|Any CPU
	EndGlobalSection
	GlobalSection(ProjectConfigurationPlatforms) = postSolution
		{A3F73F89-727C-43A9-9EB3-317CA5307653}.Debug|Any CPU.ActiveCfg = Debug|Any CPU
		{A3F73F89-727C-43A9-9EB3-317CA5307653}.Debug|Any CPU.Build.0 = Debug|Any CPU
		{A3F73F89-727C-43A9-9EB3-317CA5307653}.Release|Any CPU.ActiveCfg = Release|Any CPU
		{A3F73F89-727C-43A9-9EB3-317CA5307653}.Release|Any CPU.Build.0 = Release|Any CPU
	EndGlobalSection
	GlobalSection(SolutionProperties) = preSolution
		HideSolutionNode = FALSE
	EndGlobalSection
	GlobalSection(ExtensibilityGlobals) = postSolution
		SolutionGuid = {63769C47-B12A-45DE-A7F5-B6D8CB59A4B9}
	EndGlobalSection
EndGlobal
